
Microsoft Visual Studio Solution File, Format Version 12.00
# Visual Studio Version 17
VisualStudioVersion = 17.6.33712.159
MinimumVisualStudioVersion = 10.0.40219.1
Project("{FAE04EC0-301F-11D3-BF4B-00C04F79EFBC}") = "HandyControlDemo", "HandyControlDemo\HandyControlDemo.csproj", "{D305AF09-67F1-46F1-A589-F0CEC7E84459}"
EndProject
Global
	GlobalSection(SolutionConfigurationPlatforms) = preSolution
		Debug|Any CPU = Debug|Any CPU
		Debug|x64 = Debug|x64
		Release|Any CPU = Release|Any CPU
		Release|x64 = Release|x64
	EndGlobalSection
	GlobalSection(ProjectConfigurationPlatforms) = postSolution
		{D305AF09-67F1-46F1-A589-F0CEC7E84459}.Debug|Any CPU.ActiveCfg = Debug|Any CPU
		{D305AF09-67F1-46F1-A589-F0CEC7E84459}.Debug|Any CPU.Build.0 = Debug|Any CPU
		{D305AF09-67F1-46F1-A589-F0CEC7E84459}.Debug|x64.ActiveCfg = Debug|x64
		{D305AF09-67F1-46F1-A589-F0CEC7E84459}.Debug|x64.Build.0 = Debug|x64
		{D305AF09-67F1-46F1-A589-F0CEC7E84459}.Release|Any CPU.ActiveCfg = Release|Any CPU
		{D305AF09-67F1-46F1-A589-F0CEC7E84459}.Release|Any CPU.Build.0 = Release|Any CPU
		{D305AF09-67F1-46F1-A589-F0CEC7E84459}.Release|x64.ActiveCfg = Release|x64
		{D305AF09-67F1-46F1-A589-F0CEC7E84459}.Release|x64.Build.0 = Release|x64
	EndGlobalSection
	GlobalSection(SolutionProperties) = preSolution
		HideSolutionNode = FALSE
	EndGlobalSection
	GlobalSection(ExtensibilityGlobals) = postSolution
		SolutionGuid = {6421F5C2-FBF6-4C38-9A1F-2330E9904830}
	EndGlobalSection
EndGlobal
